{
  "nodes": {
    "flake-utils": {
      "locked": {
        "lastModified": 1653893745,
        "narHash": "sha256-0jntwV3Z8//YwuOjzhV2sgJJPt+HY6KhU7VZUL0fKZQ=",
        "owner": "numtide",
        "repo": "flake-utils",
        "rev": "1ed9fb1935d260de5fe1c2f7ee0ebaae17ed2fa1",
        "type": "github"
      },
      "original": {
        "owner": "numtide",
        "repo": "flake-utils",
        "type": "github"
      }
    },
    "naersk": {
      "inputs": {
        "nixpkgs": [
          "nixpkgs"
        ]
      },
      "locked": {
        "lastModified": 1654608517,
        "narHash": "sha256-KIxHjDDJYhoiLanLjpeAk5AuZsfip8M62JhkuloEGb0=",
        "owner": "nmattia",
        "repo": "naersk",
        "rev": "14997a79cd78fe34ad6390f18a327ee0593e5eec",
        "type": "github"
      },
      "original": {
        "owner": "nmattia",
        "repo": "naersk",
        "type": "github"
      }
    },
    "nixpkgs": {
      "locked": {
        "lastModified": 1654665288,
        "narHash": "sha256-7blJpfoZEu7GKb84uh3io/5eSJNdaagXD9d15P9iQMs=",
        "owner": "NixOS",
        "repo": "nixpkgs",
        "rev": "43ecbe7840d155fa933ee8a500fb00dbbc651fc8",
        "type": "github"
      },
      "original": {
        "owner": "NixOS",
        "ref": "nixpkgs-unstable",
        "repo": "nixpkgs",
        "type": "github"
      }
    },
    "root": {
      "inputs": {
        "flake-utils": "flake-utils",
        "naersk": "naersk",
        "nixpkgs": "nixpkgs",
        "tree-sitter-cpp": "tree-sitter-cpp",
        "tree-sitter-elixir": "tree-sitter-elixir",
        "tree-sitter-elm": "tree-sitter-elm",
        "tree-sitter-haskell": "tree-sitter-haskell",
        "tree-sitter-javascript": "tree-sitter-javascript",
        "tree-sitter-markdown": "tree-sitter-markdown",
        "tree-sitter-nix": "tree-sitter-nix",
        "tree-sitter-php": "tree-sitter-php",
        "tree-sitter-ruby": "tree-sitter-ruby",
        "tree-sitter-rust": "tree-sitter-rust",
        "tree-sitter-typescript": "tree-sitter-typescript"
      }
    },
    "tree-sitter-cpp": {
      "flake": false,
      "locked": {
        "lastModified": 1653935753,
        "narHash": "sha256-Fg+1m/TaFyf1sFG/OSxH/dXeRUJYSfoNV8kr8IFGk1E=",
        "owner": "tree-sitter",
        "repo": "tree-sitter-cpp",
        "rev": "38d8b495bd43977498f0eb122e0f9cfef8526d18",
        "type": "github"
      },
      "original": {
        "owner": "tree-sitter",
        "repo": "tree-sitter-cpp",
        "type": "github"
      }
    },
    "tree-sitter-elixir": {
      "flake": false,
      "locked": {
        "lastModified": 1651162668,
        "narHash": "sha256-vwo0nzlEYLEUZ07BDbfVnHMJCeOq/1jjCAqbbOYTzsU=",
        "owner": "elixir-lang",
        "repo": "tree-sitter-elixir",
        "rev": "5d0c1bfcdf8aaad225525acad930a972b319a675",
        "type": "github"
      },
      "original": {
        "owner": "elixir-lang",
        "ref": "main",
        "repo": "tree-sitter-elixir",
        "type": "github"
      }
    },
    "tree-sitter-elm": {
      "flake": false,
      "locked": {
        "lastModified": 1654637013,
        "narHash": "sha256-iihQnLUJajrUq4EDy6O0lK3XP9HIvZM7LShiuHymqYU=",
        "owner": "elm-tooling",
        "repo": "tree-sitter-elm",
        "rev": "a9a8efad446f78db3989d7ed8517987daf510c83",
        "type": "github"
      },
      "original": {
        "owner": "elm-tooling",
        "ref": "main",
        "repo": "tree-sitter-elm",
        "type": "github"
      }
    },
    "tree-sitter-haskell": {
      "flake": false,
      "locked": {
        "lastModified": 1654550137,
        "narHash": "sha256-Wrz2LHUE4QIR//W3WCP3vub3nJRCeBUzZuIaF6R1deQ=",
        "owner": "tree-sitter",
        "repo": "tree-sitter-haskell",
        "rev": "ca0a13f1acb60cf32e74cced3cb623b6c70fa77c",
        "type": "github"
      },
      "original": {
        "owner": "tree-sitter",
        "repo": "tree-sitter-haskell",
        "type": "github"
      }
    },
    "tree-sitter-javascript": {
      "flake": false,
      "locked": {
        "lastModified": 1653918556,
        "narHash": "sha256-b9QAhQRrYK0x+G6rUEpULvezhAMGgDBBNwhPL4//aUI=",
        "owner": "tree-sitter",
        "repo": "tree-sitter-javascript",
        "rev": "785831303ce3d36f5dd8ada7c4c7d63518d4d2f5",
        "type": "github"
      },
      "original": {
        "owner": "tree-sitter",
        "repo": "tree-sitter-javascript",
        "type": "github"
      }
    },
    "tree-sitter-markdown": {
      "flake": false,
      "locked": {
        "lastModified": 1618750161,
        "narHash": "sha256-86sDA+8xROfuWiNrWTfN7sExAqwfj+CyXq+ZeHpKSKg=",
        "owner": "ikatyang",
        "repo": "tree-sitter-markdown",
        "rev": "8b8b77af0493e26d378135a3e7f5ae25b555b375",
        "type": "github"
      },
      "original": {
        "owner": "ikatyang",
        "repo": "tree-sitter-markdown",
        "type": "github"
      }
    },
    "tree-sitter-nix": {
      "flake": false,
      "locked": {
        "lastModified": 1652985475,
        "narHash": "sha256-uTgSj4zz8WvzwIr7UO78F45nzVSjjitdtKY8GV4iL+w=",
        "owner": "cstrahan",
        "repo": "tree-sitter-nix",
        "rev": "6b71a810c0acd49b980c50fc79092561f7cee307",
        "type": "github"
      },
      "original": {
        "owner": "cstrahan",
        "repo": "tree-sitter-nix",
        "type": "github"
      }
    },
    "tree-sitter-php": {
      "flake": false,
      "locked": {
        "lastModified": 1654499934,
        "narHash": "sha256-+YW61a1Vzv23tFA3KweP0NxJw6feXqdhtlFLgbd+yoY=",
        "owner": "tree-sitter",
        "repo": "tree-sitter-php",
        "rev": "866e4a155739a1374da5247b876e70f8639005f6",
        "type": "github"
      },
      "original": {
        "owner": "tree-sitter",
        "repo": "tree-sitter-php",
        "type": "github"
      }
    },
    "tree-sitter-ruby": {
      "flake": false,
      "locked": {
        "lastModified": 1652720496,
        "narHash": "sha256-2lbjJ5KYMvyXvIT+KPC5OUZ5jjwyJy9F8uXzjUNSfgE=",
        "owner": "tree-sitter",
        "repo": "tree-sitter-ruby",
        "rev": "6334d6ab3d04a5672da695d3b155ca3301511f8d",
        "type": "github"
      },
      "original": {
        "owner": "tree-sitter",
        "repo": "tree-sitter-ruby",
        "type": "github"
      }
    },
    "tree-sitter-rust": {
      "flake": false,
      "locked": {
        "lastModified": 1653918523,
        "narHash": "sha256-6tAXuy1PoixBqBarP/cJPEodPrB+lXFuFr6OjiwjM/Q=",
        "owner": "tree-sitter",
        "repo": "tree-sitter-rust",
        "rev": "36ae187ed6dd3803a8a89dbb54f3124c8ee74662",
        "type": "github"
      },
      "original": {
        "owner": "tree-sitter",
        "repo": "tree-sitter-rust",
        "type": "github"
      }
    },
    "tree-sitter-typescript": {
      "flake": false,
      "locked": {
        "lastModified": 1654186256,
        "narHash": "sha256-rpXqiHwG9GuweOafrqA7QL0eE5FkeFrlK6kK+IdAhsc=",
        "owner": "tree-sitter",
        "repo": "tree-sitter-typescript",
        "rev": "1b3ba31c7538825b05815f4f5bffcca6394edc63",
        "type": "github"
      },
      "original": {
        "owner": "tree-sitter",
        "repo": "tree-sitter-typescript",
        "type": "github"
      }
    }
  },
  "root": "root",
  "version": 7
}
