{
  "nodes": {
    "flake-utils": {
      "inputs": {
        "systems": "systems"
      },
      "locked": {
        "lastModified": 1731533236,
        "narHash": "sha256-l0KFg5HjrsfsO/JpG+r7fRrqm12kzFHyUHqHCVpMMbI=",
        "owner": "numtide",
        "repo": "flake-utils",
        "rev": "11707dc2f618dd54ca8739b309ec4fc024de578b",
        "type": "github"
      },
      "original": {
        "owner": "numtide",
        "repo": "flake-utils",
        "type": "github"
      }
    },
    "naersk": {
      "inputs": {
        "nixpkgs": [
          "nixpkgs"
        ]
      },
      "locked": {
        "lastModified": 1743800763,
        "narHash": "sha256-YFKV+fxEpMgP5VsUcM6Il28lI0NlpM7+oB1XxbBAYCw=",
        "owner": "nmattia",
        "repo": "naersk",
        "rev": "ed0232117731a4c19d3ee93aa0c382a8fe754b01",
        "type": "github"
      },
      "original": {
        "owner": "nmattia",
        "repo": "naersk",
        "type": "github"
      }
    },
    "nixpkgs": {
      "locked": {
        "lastModified": 1744536153,
        "narHash": "sha256-awS2zRgF4uTwrOKwwiJcByDzDOdo3Q1rPZbiHQg/N38=",
        "owner": "NixOS",
        "repo": "nixpkgs",
        "rev": "18dd725c29603f582cf1900e0d25f9f1063dbf11",
        "type": "github"
      },
      "original": {
        "owner": "NixOS",
        "ref": "nixpkgs-unstable",
        "repo": "nixpkgs",
        "type": "github"
      }
    },
    "root": {
      "inputs": {
        "flake-utils": "flake-utils",
        "naersk": "naersk",
        "nixpkgs": "nixpkgs",
        "tree-sitter-c": "tree-sitter-c",
        "tree-sitter-cpp": "tree-sitter-cpp",
        "tree-sitter-cuda": "tree-sitter-cuda",
        "tree-sitter-elixir": "tree-sitter-elixir",
        "tree-sitter-elm": "tree-sitter-elm",
        "tree-sitter-go": "tree-sitter-go",
        "tree-sitter-haskell": "tree-sitter-haskell",
        "tree-sitter-java": "tree-sitter-java",
        "tree-sitter-javascript": "tree-sitter-javascript",
        "tree-sitter-markdown": "tree-sitter-markdown",
        "tree-sitter-nix": "tree-sitter-nix",
        "tree-sitter-php": "tree-sitter-php",
        "tree-sitter-powershell": "tree-sitter-powershell",
        "tree-sitter-python": "tree-sitter-python",
        "tree-sitter-ruby": "tree-sitter-ruby",
        "tree-sitter-rust": "tree-sitter-rust",
        "tree-sitter-scss": "tree-sitter-scss",
        "tree-sitter-typescript": "tree-sitter-typescript"
      }
    },
    "systems": {
      "locked": {
        "lastModified": 1681028828,
        "narHash": "sha256-Vy1rq5AaRuLzOxct8nz4T6wlgyUR7zLU309k9mBC768=",
        "owner": "nix-systems",
        "repo": "default",
        "rev": "da67096a3b9bf56a91d16901293e51ba5b49a27e",
        "type": "github"
      },
      "original": {
        "owner": "nix-systems",
        "repo": "default",
        "type": "github"
      }
    },
    "tree-sitter-c": {
      "flake": false,
      "locked": {
        "lastModified": 1739033290,
        "narHash": "sha256-6sebiNg9P/B/5HrbGO7bl3GHVMfVUepetJuszEeTh+8=",
        "owner": "tree-sitter",
        "repo": "tree-sitter-c",
        "rev": "2a265d69a4caf57108a73ad2ed1e6922dd2f998c",
        "type": "github"
      },
      "original": {
        "owner": "tree-sitter",
        "repo": "tree-sitter-c",
        "type": "github"
      }
    },
    "tree-sitter-cpp": {
      "flake": false,
      "locked": {
        "lastModified": 1738860245,
        "narHash": "sha256-2uVlKVnMKnugJv4Py3PtFI8rmx2RMwUIYfQ8zDNugGw=",
        "owner": "tree-sitter",
        "repo": "tree-sitter-cpp",
        "rev": "e5cea0ec884c5c3d2d1e41a741a66ce13da4d945",
        "type": "github"
      },
      "original": {
        "owner": "tree-sitter",
        "repo": "tree-sitter-cpp",
        "type": "github"
      }
    },
    "tree-sitter-cuda": {
      "flake": false,
      "locked": {
        "lastModified": 1690137001,
        "narHash": "sha256-oKuHUI27gsWuP+8reOPE01/z7us84/7tPzzAB5n3024=",
        "owner": "theHamsta",
        "repo": "tree-sitter-cuda",
        "rev": "a07b5ccb2c1e328ef424d4d1ab94c881e2aed2c3",
        "type": "github"
      },
      "original": {
        "owner": "theHamsta",
        "ref": "v0.20.3",
        "repo": "tree-sitter-cuda",
        "type": "github"
      }
    },
    "tree-sitter-elixir": {
      "flake": false,
      "locked": {
        "lastModified": 1741009691,
        "narHash": "sha256-4cL8E7if7j5NeuMH/5IEgudHu2kcerpdTj4pVoYM0Ao=",
        "owner": "elixir-lang",
        "repo": "tree-sitter-elixir",
        "rev": "450a8194f5a66561135962cfc8d7545a27b61c4c",
        "type": "github"
      },
      "original": {
        "owner": "elixir-lang",
        "ref": "main",
        "repo": "tree-sitter-elixir",
        "type": "github"
      }
    },
    "tree-sitter-elm": {
      "flake": false,
      "locked": {
        "lastModified": 1743349995,
        "narHash": "sha256-fDX0S8aqf8fmx2k3JrkL5irzMU9+B9XaXOf1t0PE07E=",
        "owner": "elm-tooling",
        "repo": "tree-sitter-elm",
        "rev": "3b373a3ccb48f31aa4b7ddc9092e2f5e24ab7aed",
        "type": "github"
      },
      "original": {
        "owner": "elm-tooling",
        "ref": "main",
        "repo": "tree-sitter-elm",
        "type": "github"
      }
    },
    "tree-sitter-go": {
      "flake": false,
      "locked": {
        "lastModified": 1738275006,
        "narHash": "sha256-PgFdtkPMgkNK7Gv6dBf89lNjJrZyt9Wp5h5OIwd83aw=",
        "owner": "tree-sitter",
        "repo": "tree-sitter-go",
        "rev": "5e73f476efafe5c768eda19bbe877f188ded6144",
        "type": "github"
      },
      "original": {
        "owner": "tree-sitter",
        "repo": "tree-sitter-go",
        "type": "github"
      }
    },
    "tree-sitter-haskell": {
      "flake": false,
      "locked": {
        "lastModified": 1738310106,
        "narHash": "sha256-0wmdbXHZbHkv4pTrB1fCbExx9E83l+zaocGa+SvQsZQ=",
        "owner": "tree-sitter",
        "repo": "tree-sitter-haskell",
        "rev": "0975ef72fc3c47b530309ca93937d7d143523628",
        "type": "github"
      },
      "original": {
        "owner": "tree-sitter",
        "repo": "tree-sitter-haskell",
        "type": "github"
      }
    },
    "tree-sitter-java": {
      "flake": false,
      "locked": {
        "lastModified": 1738275051,
        "narHash": "sha256-fNq5MMMr83wqn7lNgj0pfSZDF4XO98YbzfNsFjr3Kpw=",
        "owner": "tree-sitter",
        "repo": "tree-sitter-java",
        "rev": "a7db5227ec40fcfe94489559d8c9bc7c8181e25a",
        "type": "github"
      },
      "original": {
        "owner": "tree-sitter",
        "repo": "tree-sitter-java",
        "type": "github"
      }
    },
    "tree-sitter-javascript": {
      "flake": false,
      "locked": {
        "lastModified": 1738276702,
        "narHash": "sha256-X9DDCBF+gQYL0syfqgKVFvzoy2tnBl+veaYi7bUuRms=",
        "owner": "tree-sitter",
        "repo": "tree-sitter-javascript",
        "rev": "6fbef40512dcd9f0a61ce03a4c9ae7597b36ab5c",
        "type": "github"
      },
      "original": {
        "owner": "tree-sitter",
        "repo": "tree-sitter-javascript",
        "type": "github"
      }
    },
    "tree-sitter-markdown": {
      "flake": false,
      "locked": {
        "lastModified": 1742571554,
        "narHash": "sha256-Oe2iL5b1Cyv+dK0nQYFNLCCOCe+93nojxt6ukH2lEmU=",
        "owner": "tree-sitter-grammars",
        "repo": "tree-sitter-markdown",
        "rev": "413285231ce8fa8b11e7074bbe265b48aa7277f9",
        "type": "github"
      },
      "original": {
        "owner": "tree-sitter-grammars",
        "repo": "tree-sitter-markdown",
        "type": "github"
      }
    },
    "tree-sitter-nix": {
      "flake": false,
      "locked": {
        "lastModified": 1741643388,
        "narHash": "sha256-eqqneqZqA73McjPZfy7GbUi4ccmDYC5O++Ezt9+lqi4=",
        "owner": "cstrahan",
        "repo": "tree-sitter-nix",
        "rev": "cfc53fd287d23ab7281440a8526c73542984669b",
        "type": "github"
      },
      "original": {
        "owner": "cstrahan",
        "repo": "tree-sitter-nix",
        "type": "github"
      }
    },
    "tree-sitter-php": {
      "flake": false,
      "locked": {
        "lastModified": 1743540030,
        "narHash": "sha256-kTiqj4KWHTZVJ6R6axubNGdcTNA+W02RTsBcoeR2xGU=",
        "owner": "tree-sitter",
        "repo": "tree-sitter-php",
        "rev": "576a56fa7f8b68c91524cdd211eb2ffc43e7bb11",
        "type": "github"
      },
      "original": {
        "owner": "tree-sitter",
        "repo": "tree-sitter-php",
        "type": "github"
      }
    },
    "tree-sitter-powershell": {
      "flake": false,
      "locked": {
        "lastModified": 1742208601,
        "narHash": "sha256-M2vOS2UleHpZC8PbUf+PHxjWz4BMBhyVxcuUsuMx34Q=",
        "owner": "airbus-cert",
        "repo": "tree-sitter-powershell",
        "rev": "66d5e61126989c0aca57ff77d19b2064919b51e1",
        "type": "github"
      },
      "original": {
        "owner": "airbus-cert",
        "repo": "tree-sitter-powershell",
        "type": "github"
      }
    },
    "tree-sitter-python": {
      "flake": false,
      "locked": {
        "lastModified": 1738275152,
        "narHash": "sha256-t9etfZcrliF7f9hfiomh2U9P+3ufAm8iSK1y9rOhP7s=",
        "owner": "tree-sitter",
        "repo": "tree-sitter-python",
        "rev": "710796b8b877a970297106e5bbc8e2afa47f86ec",
        "type": "github"
      },
      "original": {
        "owner": "tree-sitter",
        "repo": "tree-sitter-python",
        "type": "github"
      }
    },
    "tree-sitter-ruby": {
      "flake": false,
      "locked": {
        "lastModified": 1738275136,
        "narHash": "sha256-84Nqw6QyGqwKAT+7Cdrzl1SikfJ3doX3tngGZWaXkVc=",
        "owner": "tree-sitter",
        "repo": "tree-sitter-ruby",
        "rev": "89bd7a8e5450cb6a942418a619d30469f259e5d6",
        "type": "github"
      },
      "original": {
        "owner": "tree-sitter",
        "repo": "tree-sitter-ruby",
        "type": "github"
      }
    },
    "tree-sitter-rust": {
      "flake": false,
      "locked": {
        "lastModified": 1743547443,
        "narHash": "sha256-a9Te7SXVd7hkinrpvwrWgb6J53PoSL/Irk0DpQ6vS7k=",
        "owner": "tree-sitter",
        "repo": "tree-sitter-rust",
        "rev": "3691201b01cacb2f96ffca4c632c4e938bfacd88",
        "type": "github"
      },
      "original": {
        "owner": "tree-sitter",
        "repo": "tree-sitter-rust",
        "type": "github"
      }
    },
    "tree-sitter-scss": {
      "flake": false,
      "locked": {
        "lastModified": 1643924901,
        "narHash": "sha256-BFtMT6eccBWUyq6b8UXRAbB1R1XD3CrrFf1DM3aUI5c=",
        "owner": "serenadeai",
        "repo": "tree-sitter-scss",
        "rev": "c478c6868648eff49eb04a4df90d703dc45b312a",
        "type": "github"
      },
      "original": {
        "owner": "serenadeai",
        "repo": "tree-sitter-scss",
        "type": "github"
      }
    },
    "tree-sitter-typescript": {
      "flake": false,
      "locked": {
        "lastModified": 1738275099,
        "narHash": "sha256-A0M6IBoY87ekSV4DfGHDU5zzFWdLjGqSyVr6VENgA+s=",
        "owner": "tree-sitter",
        "repo": "tree-sitter-typescript",
        "rev": "75b3874edb2dc714fb1fd77a32013d0f8699989f",
        "type": "github"
      },
      "original": {
        "owner": "tree-sitter",
        "repo": "tree-sitter-typescript",
        "type": "github"
      }
    }
  },
  "root": "root",
  "version": 7
}
